
Microsoft Visual Studio Solution File, Format Version 12.00
# Visual Studio Version 17
VisualStudioVersion = 17.0.31903.59
MinimumVisualStudioVersion = 10.0.40219.1
Project("{9A19103F-16F7-4668-BE54-9A1E7A4F7556}") = "MauiEpubReader", "MauiEpubReader.csproj", "{387D9854-56D5-4BF5-B349-3DF40EDEF07A}"
EndProject
Global
	GlobalSection(SolutionConfigurationPlatforms) = preSolution
		Debug|Any CPU = Debug|Any CPU
		Release|Any CPU = Release|Any CPU
	EndGlobalSection
	GlobalSection(ProjectConfigurationPlatforms) = postSolution
		{387D9854-56D5-4BF5-B349-3DF40EDEF07A}.Debug|Any CPU.ActiveCfg = Debug|Any CPU
		{387D9854-56D5-4BF5-B349-3DF40EDEF07A}.Debug|Any CPU.Build.0 = Debug|Any CPU
		{387D9854-56D5-4BF5-B349-3DF40EDEF07A}.Debug|Any CPU.Deploy.0 = Debug|Any CPU
		{387D9854-56D5-4BF5-B349-3DF40EDEF07A}.Release|Any CPU.ActiveCfg = Release|Any CPU
		{387D9854-56D5-4BF5-B349-3DF40EDEF07A}.Release|Any CPU.Build.0 = Release|Any CPU
		{387D9854-56D5-4BF5-B349-3DF40EDEF07A}.Release|Any CPU.Deploy.0 = Release|Any CPU
	EndGlobalSection
	GlobalSection(SolutionProperties) = preSolution
		HideSolutionNode = FALSE
	EndGlobalSection
EndGlobal
